// !$*UTF8*$!
{
	archiveVersion = 1;
	classes = {
	};
	objectVersion = 46;
	objects = {

/* Begin PBXBuildFile section */
		201290661935982100EDD0F9 /* list.mustache in Copy Files */ = {isa = PBXBuildFile; fileRef = 2012905A193591F700EDD0F9 /* list.mustache */; };
		201290681935982E00EDD0F9 /* chao.mustache in CopyFiles */ = {isa = PBXBuildFile; fileRef = 2012905C193591F700EDD0F9 /* chao.mustache */; };
		2027B73E192E9F2C00FB9FB2 /* ObjCMongoDB.framework in Frameworks */ = {isa = PBXBuildFile; fileRef = 20B96B12192DBB2F002DF403 /* ObjCMongoDB.framework */; };
		2027B73F192E9F2C00FB9FB2 /* Foundation.framework in Frameworks */ = {isa = PBXBuildFile; fileRef = 203359BF1544021800A94822 /* Foundation.framework */; };
		2027B740192E9F2C00FB9FB2 /* libbrayatan.a in Frameworks */ = {isa = PBXBuildFile; fileRef = 20335ADB1544132D00A94822 /* libbrayatan.a */; };
		2027B746192E9F3A00FB9FB2 /* main.m in Sources */ = {isa = PBXBuildFile; fileRef = 2027B738192E9E8200FB9FB2 /* main.m */; };
		2027B74F192EFE3900FB9FB2 /* AdminController.m in Sources */ = {isa = PBXBuildFile; fileRef = 2027B74D192EFD1A00FB9FB2 /* AdminController.m */; };
		2037CBF8193167DB0029A30F /* MongoController.m in Sources */ = {isa = PBXBuildFile; fileRef = 2037CBF5193166BE0029A30F /* MongoController.m */; };
		20AF0DAE156246CD005AF576 /* main.m in Sources */ = {isa = PBXBuildFile; fileRef = 20AF0DAD156246CD005AF576 /* main.m */; };
		20AF0DB315624822005AF576 /* libbrayatan.a in Frameworks */ = {isa = PBXBuildFile; fileRef = 20335ADB1544132D00A94822 /* libbrayatan.a */; };
		20AF0DB415624827005AF576 /* Foundation.framework in Frameworks */ = {isa = PBXBuildFile; fileRef = 203359BF1544021800A94822 /* Foundation.framework */; };
		20B96B13192DBB2F002DF403 /* ObjCMongoDB.framework in Frameworks */ = {isa = PBXBuildFile; fileRef = 20B96B12192DBB2F002DF403 /* ObjCMongoDB.framework */; };
		20B96B15192DBB37002DF403 /* ObjCMongoDB.framework in Frameworks */ = {isa = PBXBuildFile; fileRef = 20B96B12192DBB2F002DF403 /* ObjCMongoDB.framework */; };
		20D8227A1544E56A00024240 /* Foundation.framework in Frameworks */ = {isa = PBXBuildFile; fileRef = 203359BF1544021800A94822 /* Foundation.framework */; };
		20D8229C1544E64700024240 /* main.m in Sources */ = {isa = PBXBuildFile; fileRef = 20D8229A1544E64700024240 /* main.m */; };
		20D8229D1544E67700024240 /* libbrayatan.a in Frameworks */ = {isa = PBXBuildFile; fileRef = 20335ADB1544132D00A94822 /* libbrayatan.a */; };
/* End PBXBuildFile section */

/* Begin PBXContainerItemProxy section */
		203127CC196C3ACE002F8E2A /* PBXContainerItemProxy */ = {
			isa = PBXContainerItemProxy;
			containerPortal = 20335AD31544132D00A94822 /* libbrayatan.xcodeproj */;
			proxyType = 2;
			remoteGlobalIDString = 205E863E196B7AD500FCBA0B;
			remoteInfo = brayatan_test01;
		};
		20335ADA1544132D00A94822 /* PBXContainerItemProxy */ = {
			isa = PBXContainerItemProxy;
			containerPortal = 20335AD31544132D00A94822 /* libbrayatan.xcodeproj */;
			proxyType = 2;
			remoteGlobalIDString = 20335AB6154412D700A94822;
			remoteInfo = brayatan;
		};
/* End PBXContainerItemProxy section */

/* Begin PBXCopyFilesBuildPhase section */
		201290671935982500EDD0F9 /* CopyFiles */ = {
			isa = PBXCopyFilesBuildPhase;
			buildActionMask = 2147483647;
			dstPath = views/test;
			dstSubfolderSpec = 16;
			files = (
				201290681935982E00EDD0F9 /* chao.mustache in CopyFiles */,
			);
			runOnlyForDeploymentPostprocessing = 0;
		};
		2027B741192E9F2C00FB9FB2 /* Copy Files */ = {
			isa = PBXCopyFilesBuildPhase;
			buildActionMask = 12;
			dstPath = views/mongo;
			dstSubfolderSpec = 16;
			files = (
				201290661935982100EDD0F9 /* list.mustache in Copy Files */,
			);
			name = "Copy Files";
			runOnlyForDeploymentPostprocessing = 0;
		};
		20AF0D8E15624641005AF576 /* CopyFiles */ = {
			isa = PBXCopyFilesBuildPhase;
			buildActionMask = 2147483647;
			dstPath = /usr/share/man/man1/;
			dstSubfolderSpec = 0;
			files = (
			);
			runOnlyForDeploymentPostprocessing = 1;
		};
		20D822761544E56A00024240 /* CopyFiles */ = {
			isa = PBXCopyFilesBuildPhase;
			buildActionMask = 2147483647;
			dstPath = /usr/share/man/man1/;
			dstSubfolderSpec = 0;
			files = (
			);
			runOnlyForDeploymentPostprocessing = 1;
		};
/* End PBXCopyFilesBuildPhase section */

/* Begin PBXFileReference section */
		20022518154533750067D98E /* LICENSE */ = {isa = PBXFileReference; fileEncoding = 4; lastKnownFileType = text; path = LICENSE; sourceTree = "<group>"; };
		200225191545337D0067D98E /* README.md */ = {isa = PBXFileReference; fileEncoding = 4; lastKnownFileType = text; path = README.md; sourceTree = "<group>"; };
		2012905A193591F700EDD0F9 /* list.mustache */ = {isa = PBXFileReference; lastKnownFileType = text; path = list.mustache; sourceTree = "<group>"; };
		2012905C193591F700EDD0F9 /* chao.mustache */ = {isa = PBXFileReference; lastKnownFileType = text; path = chao.mustache; sourceTree = "<group>"; };
		2027B738192E9E8200FB9FB2 /* main.m */ = {isa = PBXFileReference; lastKnownFileType = sourcecode.c.objc; path = main.m; sourceTree = "<group>"; };
		2027B745192E9F2C00FB9FB2 /* sample03 */ = {isa = PBXFileReference; explicitFileType = "compiled.mach-o.executable"; includeInIndex = 0; name = sample03; path = brayatan_sample03; sourceTree = BUILT_PRODUCTS_DIR; };
		2027B74C192EFD1A00FB9FB2 /* AdminController.h */ = {isa = PBXFileReference; fileEncoding = 4; lastKnownFileType = sourcecode.c.h; path = AdminController.h; sourceTree = "<group>"; };
		2027B74D192EFD1A00FB9FB2 /* AdminController.m */ = {isa = PBXFileReference; fileEncoding = 4; lastKnownFileType = sourcecode.c.objc; path = AdminController.m; sourceTree = "<group>"; };
		203359BF1544021800A94822 /* Foundation.framework */ = {isa = PBXFileReference; lastKnownFileType = wrapper.framework; name = Foundation.framework; path = System/Library/Frameworks/Foundation.framework; sourceTree = SDKROOT; };
		20335AD31544132D00A94822 /* libbrayatan.xcodeproj */ = {isa = PBXFileReference; lastKnownFileType = "wrapper.pb-project"; name = libbrayatan.xcodeproj; path = libbrayatan/libbrayatan.xcodeproj; sourceTree = "<group>"; };
		2037CBF4193166BE0029A30F /* MongoController.h */ = {isa = PBXFileReference; fileEncoding = 4; lastKnownFileType = sourcecode.c.h; path = MongoController.h; sourceTree = "<group>"; };
		2037CBF5193166BE0029A30F /* MongoController.m */ = {isa = PBXFileReference; fileEncoding = 4; lastKnownFileType = sourcecode.c.objc; path = MongoController.m; sourceTree = "<group>"; };
		20AF0D9015624641005AF576 /* sample02 */ = {isa = PBXFileReference; explicitFileType = "compiled.mach-o.executable"; includeInIndex = 0; path = sample02; sourceTree = BUILT_PRODUCTS_DIR; };
		20AF0D9215624641005AF576 /* CoreFoundation.framework */ = {isa = PBXFileReference; lastKnownFileType = wrapper.framework; name = CoreFoundation.framework; path = System/Library/Frameworks/CoreFoundation.framework; sourceTree = SDKROOT; };
		20AF0DAD156246CD005AF576 /* main.m */ = {isa = PBXFileReference; fileEncoding = 4; lastKnownFileType = sourcecode.c.objc; path = main.m; sourceTree = "<group>"; };
		20B96B12192DBB2F002DF403 /* ObjCMongoDB.framework */ = {isa = PBXFileReference; lastKnownFileType = wrapper.framework; name = ObjCMongoDB.framework; path = "../../Library/Developer/Xcode/DerivedData/brayatan-dphufbcytqrfozfbramtsvrkovqc/Build/Products/Debug/ObjCMongoDB.framework"; sourceTree = "<group>"; };
		20D822781544E56A00024240 /* sample01 */ = {isa = PBXFileReference; explicitFileType = "compiled.mach-o.executable"; includeInIndex = 0; path = sample01; sourceTree = BUILT_PRODUCTS_DIR; };
		20D8229A1544E64700024240 /* main.m */ = {isa = PBXFileReference; fileEncoding = 4; lastKnownFileType = sourcecode.c.objc; path = main.m; sourceTree = "<group>"; };
		20D8229B1544E64700024240 /* sample01-Prefix.pch */ = {isa = PBXFileReference; fileEncoding = 4; lastKnownFileType = sourcecode.c.h; path = "sample01-Prefix.pch"; sourceTree = "<group>"; };
/* End PBXFileReference section */

/* Begin PBXFrameworksBuildPhase section */
		2027B73D192E9F2C00FB9FB2 /* Frameworks */ = {
			isa = PBXFrameworksBuildPhase;
			buildActionMask = 2147483647;
			files = (
				2027B73E192E9F2C00FB9FB2 /* ObjCMongoDB.framework in Frameworks */,
				2027B73F192E9F2C00FB9FB2 /* Foundation.framework in Frameworks */,
				2027B740192E9F2C00FB9FB2 /* libbrayatan.a in Frameworks */,
			);
			runOnlyForDeploymentPostprocessing = 0;
		};
		20AF0D8D15624641005AF576 /* Frameworks */ = {
			isa = PBXFrameworksBuildPhase;
			buildActionMask = 2147483647;
			files = (
				20B96B15192DBB37002DF403 /* ObjCMongoDB.framework in Frameworks */,
				20AF0DB415624827005AF576 /* Foundation.framework in Frameworks */,
				20AF0DB315624822005AF576 /* libbrayatan.a in Frameworks */,
			);
			runOnlyForDeploymentPostprocessing = 0;
		};
		20D822751544E56A00024240 /* Frameworks */ = {
			isa = PBXFrameworksBuildPhase;
			buildActionMask = 2147483647;
			files = (
				20B96B13192DBB2F002DF403 /* ObjCMongoDB.framework in Frameworks */,
				20D8229D1544E67700024240 /* libbrayatan.a in Frameworks */,
				20D8227A1544E56A00024240 /* Foundation.framework in Frameworks */,
			);
			runOnlyForDeploymentPostprocessing = 0;
		};
/* End PBXFrameworksBuildPhase section */

/* Begin PBXGroup section */
		20129058193591F700EDD0F9 /* views */ = {
			isa = PBXGroup;
			children = (
				20129059193591F700EDD0F9 /* mongo */,
				2012905B193591F700EDD0F9 /* test */,
			);
			path = views;
			sourceTree = "<group>";
		};
		20129059193591F700EDD0F9 /* mongo */ = {
			isa = PBXGroup;
			children = (
				2012905A193591F700EDD0F9 /* list.mustache */,
			);
			path = mongo;
			sourceTree = "<group>";
		};
		2012905B193591F700EDD0F9 /* test */ = {
			isa = PBXGroup;
			children = (
				2012905C193591F700EDD0F9 /* chao.mustache */,
			);
			path = test;
			sourceTree = "<group>";
		};
		2012905E193596AB00EDD0F9 /* controllers */ = {
			isa = PBXGroup;
			children = (
				2027B74C192EFD1A00FB9FB2 /* AdminController.h */,
				2027B74D192EFD1A00FB9FB2 /* AdminController.m */,
				2037CBF4193166BE0029A30F /* MongoController.h */,
				2037CBF5193166BE0029A30F /* MongoController.m */,
			);
			name = controllers;
			sourceTree = "<group>";
		};
		2027B736192E9E8200FB9FB2 /* sample03 */ = {
			isa = PBXGroup;
			children = (
				2012905E193596AB00EDD0F9 /* controllers */,
				20129058193591F700EDD0F9 /* views */,
				2027B738192E9E8200FB9FB2 /* main.m */,
			);
			path = sample03;
			sourceTree = "<group>";
		};
		203359B01544021800A94822 = {
			isa = PBXGroup;
			children = (
				200225191545337D0067D98E /* README.md */,
				20022518154533750067D98E /* LICENSE */,
				20335AD31544132D00A94822 /* libbrayatan.xcodeproj */,
				20D822701544E4E700024240 /* samples */,
				203359BE1544021800A94822 /* Frameworks */,
				203359BC1544021800A94822 /* Products */,
			);
			sourceTree = "<group>";
		};
		203359BC1544021800A94822 /* Products */ = {
			isa = PBXGroup;
			children = (
				20D822781544E56A00024240 /* sample01 */,
				20AF0D9015624641005AF576 /* sample02 */,
				2027B745192E9F2C00FB9FB2 /* sample03 */,
			);
			name = Products;
			sourceTree = "<group>";
		};
		203359BE1544021800A94822 /* Frameworks */ = {
			isa = PBXGroup;
			children = (
				20B96B12192DBB2F002DF403 /* ObjCMongoDB.framework */,
				203359BF1544021800A94822 /* Foundation.framework */,
				20AF0D9215624641005AF576 /* CoreFoundation.framework */,
			);
			name = Frameworks;
			sourceTree = "<group>";
		};
		20335AD41544132D00A94822 /* Products */ = {
			isa = PBXGroup;
			children = (
				20335ADB1544132D00A94822 /* libbrayatan.a */,
				203127CD196C3ACE002F8E2A /* brayatan_test01 */,
			);
			name = Products;
			sourceTree = "<group>";
		};
		20AF0DAC156246CD005AF576 /* sample02 */ = {
			isa = PBXGroup;
			children = (
				20AF0DAD156246CD005AF576 /* main.m */,
			);
			path = sample02;
			sourceTree = "<group>";
		};
		20D822701544E4E700024240 /* samples */ = {
			isa = PBXGroup;
			children = (
				20D822991544E64700024240 /* sample01 */,
				20AF0DAC156246CD005AF576 /* sample02 */,
				2027B736192E9E8200FB9FB2 /* sample03 */,
			);
			path = samples;
			sourceTree = "<group>";
		};
		20D822991544E64700024240 /* sample01 */ = {
			isa = PBXGroup;
			children = (
				20D8229A1544E64700024240 /* main.m */,
				20D8229B1544E64700024240 /* sample01-Prefix.pch */,
			);
			path = sample01;
			sourceTree = "<group>";
		};
/* End PBXGroup section */

/* Begin PBXNativeTarget section */
		2027B73A192E9F2C00FB9FB2 /* sample03 */ = {
			isa = PBXNativeTarget;
			buildConfigurationList = 2027B742192E9F2C00FB9FB2 /* Build configuration list for PBXNativeTarget "sample03" */;
			buildPhases = (
				2027B73B192E9F2C00FB9FB2 /* Sources */,
				2027B73D192E9F2C00FB9FB2 /* Frameworks */,
				2027B741192E9F2C00FB9FB2 /* Copy Files */,
				201290671935982500EDD0F9 /* CopyFiles */,
			);
			buildRules = (
			);
			dependencies = (
			);
			name = sample03;
			productName = sample02;
			productReference = 2027B745192E9F2C00FB9FB2 /* sample03 */;
			productType = "com.apple.product-type.tool";
		};
		20AF0D8F15624641005AF576 /* sample02 */ = {
			isa = PBXNativeTarget;
			buildConfigurationList = 20AF0D9915624641005AF576 /* Build configuration list for PBXNativeTarget "sample02" */;
			buildPhases = (
				20AF0D8C15624641005AF576 /* Sources */,
				20AF0D8D15624641005AF576 /* Frameworks */,
				20AF0D8E15624641005AF576 /* CopyFiles */,
			);
			buildRules = (
			);
			dependencies = (
			);
			name = sample02;
			productName = sample02;
			productReference = 20AF0D9015624641005AF576 /* sample02 */;
			productType = "com.apple.product-type.tool";
		};
		20D822771544E56A00024240 /* sample01 */ = {
			isa = PBXNativeTarget;
			buildConfigurationList = 20D822821544E56A00024240 /* Build configuration list for PBXNativeTarget "sample01" */;
			buildPhases = (
				20D822741544E56A00024240 /* Sources */,
				20D822751544E56A00024240 /* Frameworks */,
				20D822761544E56A00024240 /* CopyFiles */,
			);
			buildRules = (
			);
			dependencies = (
			);
			name = sample01;
			productName = sample01;
			productReference = 20D822781544E56A00024240 /* sample01 */;
			productType = "com.apple.product-type.tool";
		};
/* End PBXNativeTarget section */

/* Begin PBXProject section */
		203359B21544021800A94822 /* Project object */ = {
			isa = PBXProject;
			attributes = {
				LastUpgradeCheck = 0510;
				ORGANIZATIONNAME = A0;
			};
			buildConfigurationList = 203359B51544021800A94822 /* Build configuration list for PBXProject "brayatan" */;
			compatibilityVersion = "Xcode 3.2";
			developmentRegion = English;
			hasScannedForEncodings = 0;
			knownRegions = (
				en,
			);
			mainGroup = 203359B01544021800A94822;
			productRefGroup = 203359BC1544021800A94822 /* Products */;
			projectDirPath = "";
			projectReferences = (
				{
					ProductGroup = 20335AD41544132D00A94822 /* Products */;
					ProjectRef = 20335AD31544132D00A94822 /* libbrayatan.xcodeproj */;
				},
			);
			projectRoot = "";
			targets = (
				20D822771544E56A00024240 /* sample01 */,
				20AF0D8F15624641005AF576 /* sample02 */,
				2027B73A192E9F2C00FB9FB2 /* sample03 */,
			);
		};
/* End PBXProject section */

/* Begin PBXReferenceProxy section */
		203127CD196C3ACE002F8E2A /* brayatan_test01 */ = {
			isa = PBXReferenceProxy;
			fileType = "compiled.mach-o.executable";
			path = brayatan_test01;
			remoteRef = 203127CC196C3ACE002F8E2A /* PBXContainerItemProxy */;
			sourceTree = BUILT_PRODUCTS_DIR;
		};
		20335ADB1544132D00A94822 /* libbrayatan.a */ = {
			isa = PBXReferenceProxy;
			fileType = archive.ar;
			path = libbrayatan.a;
			remoteRef = 20335ADA1544132D00A94822 /* PBXContainerItemProxy */;
			sourceTree = BUILT_PRODUCTS_DIR;
		};
/* End PBXReferenceProxy section */

/* Begin PBXSourcesBuildPhase section */
		2027B73B192E9F2C00FB9FB2 /* Sources */ = {
			isa = PBXSourcesBuildPhase;
			buildActionMask = 2147483647;
			files = (
				2037CBF8193167DB0029A30F /* MongoController.m in Sources */,
				2027B74F192EFE3900FB9FB2 /* AdminController.m in Sources */,
				2027B746192E9F3A00FB9FB2 /* main.m in Sources */,
			);
			runOnlyForDeploymentPostprocessing = 0;
		};
		20AF0D8C15624641005AF576 /* Sources */ = {
			isa = PBXSourcesBuildPhase;
			buildActionMask = 2147483647;
			files = (
				20AF0DAE156246CD005AF576 /* main.m in Sources */,
			);
			runOnlyForDeploymentPostprocessing = 0;
		};
		20D822741544E56A00024240 /* Sources */ = {
			isa = PBXSourcesBuildPhase;
			buildActionMask = 2147483647;
			files = (
				20D8229C1544E64700024240 /* main.m in Sources */,
			);
			runOnlyForDeploymentPostprocessing = 0;
		};
/* End PBXSourcesBuildPhase section */

/* Begin XCBuildConfiguration section */
		2027B743192E9F2C00FB9FB2 /* Debug */ = {
			isa = XCBuildConfiguration;
			buildSettings = {
				FRAMEWORK_SEARCH_PATHS = (
					"$(inherited)",
					"$(USER_LIBRARY_DIR)/Developer/Xcode/DerivedData/brayatan-dphufbcytqrfozfbramtsvrkovqc/Build/Products/Debug",
				);
				PRODUCT_NAME = brayatan_sample03;
			};
			name = Debug;
		};
		2027B744192E9F2C00FB9FB2 /* Release */ = {
			isa = XCBuildConfiguration;
			buildSettings = {
				FRAMEWORK_SEARCH_PATHS = (
					"$(inherited)",
					"$(USER_LIBRARY_DIR)/Developer/Xcode/DerivedData/brayatan-dphufbcytqrfozfbramtsvrkovqc/Build/Products/Debug",
				);
				PRODUCT_NAME = brayatan_sample03;
			};
			name = Release;
		};
		203359C81544021800A94822 /* Debug */ = {
			isa = XCBuildConfiguration;
			buildSettings = {
				ALWAYS_SEARCH_USER_PATHS = NO;
				CLANG_ENABLE_OBJC_ARC = YES;
				CLANG_WARN_BOOL_CONVERSION = YES;
				CLANG_WARN_CONSTANT_CONVERSION = YES;
				CLANG_WARN_EMPTY_BODY = YES;
				CLANG_WARN_ENUM_CONVERSION = YES;
				CLANG_WARN_INT_CONVERSION = YES;
				CLANG_WARN__DUPLICATE_METHOD_MATCH = YES;
				COPY_PHASE_STRIP = NO;
				GCC_C_LANGUAGE_STANDARD = gnu99;
				GCC_DYNAMIC_NO_PIC = NO;
				GCC_ENABLE_OBJC_EXCEPTIONS = YES;
				GCC_OPTIMIZATION_LEVEL = 0;
				GCC_PREPROCESSOR_DEFINITIONS = (
					"DEBUG=1",
					"$(inherited)",
				);
				GCC_SYMBOLS_PRIVATE_EXTERN = NO;
				GCC_VERSION = com.apple.compilers.llvm.clang.1_0;
				GCC_WARN_64_TO_32_BIT_CONVERSION = YES;
				GCC_WARN_ABOUT_RETURN_TYPE = YES;
				GCC_WARN_UNDECLARED_SELECTOR = YES;
				GCC_WARN_UNINITIALIZED_AUTOS = YES;
				GCC_WARN_UNUSED_FUNCTION = YES;
				GCC_WARN_UNUSED_VARIABLE = YES;
				MACOSX_DEPLOYMENT_TARGET = 10.7;
				ONLY_ACTIVE_ARCH = YES;
				SDKROOT = macosx;
				USER_HEADER_SEARCH_PATHS = "libbrayatan/** libhttp_parser/**";
			};
			name = Debug;
		};
		203359C91544021800A94822 /* Release */ = {
			isa = XCBuildConfiguration;
			buildSettings = {
				ALWAYS_SEARCH_USER_PATHS = NO;
				CLANG_ENABLE_OBJC_ARC = YES;
				CLANG_WARN_BOOL_CONVERSION = YES;
				CLANG_WARN_CONSTANT_CONVERSION = YES;
				CLANG_WARN_EMPTY_BODY = YES;
				CLANG_WARN_ENUM_CONVERSION = YES;
				CLANG_WARN_INT_CONVERSION = YES;
				CLANG_WARN__DUPLICATE_METHOD_MATCH = YES;
				COPY_PHASE_STRIP = YES;
				DEBUG_INFORMATION_FORMAT = "dwarf-with-dsym";
				GCC_C_LANGUAGE_STANDARD = gnu99;
				GCC_ENABLE_OBJC_EXCEPTIONS = YES;
				GCC_VERSION = com.apple.compilers.llvm.clang.1_0;
				GCC_WARN_64_TO_32_BIT_CONVERSION = YES;
				GCC_WARN_ABOUT_RETURN_TYPE = YES;
				GCC_WARN_UNDECLARED_SELECTOR = YES;
				GCC_WARN_UNINITIALIZED_AUTOS = YES;
				GCC_WARN_UNUSED_FUNCTION = YES;
				GCC_WARN_UNUSED_VARIABLE = YES;
				MACOSX_DEPLOYMENT_TARGET = 10.7;
				SDKROOT = macosx;
				USER_HEADER_SEARCH_PATHS = "libbrayatan/** libhttp_parser/**";
			};
			name = Release;
		};
		20AF0D9A15624641005AF576 /* Debug */ = {
			isa = XCBuildConfiguration;
			buildSettings = {
				FRAMEWORK_SEARCH_PATHS = (
					"$(inherited)",
					"$(USER_LIBRARY_DIR)/Developer/Xcode/DerivedData/brayatan-dphufbcytqrfozfbramtsvrkovqc/Build/Products/Debug",
				);
				PRODUCT_NAME = "$(TARGET_NAME)";
			};
			name = Debug;
		};
		20AF0D9B15624641005AF576 /* Release */ = {
			isa = XCBuildConfiguration;
			buildSettings = {
				FRAMEWORK_SEARCH_PATHS = (
					"$(inherited)",
					"$(USER_LIBRARY_DIR)/Developer/Xcode/DerivedData/brayatan-dphufbcytqrfozfbramtsvrkovqc/Build/Products/Debug",
				);
				PRODUCT_NAME = "$(TARGET_NAME)";
			};
			name = Release;
		};
		20D822831544E56A00024240 /* Debug */ = {
			isa = XCBuildConfiguration;
			buildSettings = {
				FRAMEWORK_SEARCH_PATHS = (
					"$(inherited)",
					"$(USER_LIBRARY_DIR)/Developer/Xcode/DerivedData/brayatan-dphufbcytqrfozfbramtsvrkovqc/Build/Products/Debug",
				);
				GCC_PRECOMPILE_PREFIX_HEADER = YES;
				GCC_PREFIX_HEADER = "samples/sample01/sample01-Prefix.pch";
				PRODUCT_NAME = "$(TARGET_NAME)";
			};
			name = Debug;
		};
		20D822841544E56A00024240 /* Release */ = {
			isa = XCBuildConfiguration;
			buildSettings = {
				FRAMEWORK_SEARCH_PATHS = (
					"$(inherited)",
					"$(USER_LIBRARY_DIR)/Developer/Xcode/DerivedData/brayatan-dphufbcytqrfozfbramtsvrkovqc/Build/Products/Debug",
				);
				GCC_PRECOMPILE_PREFIX_HEADER = YES;
				GCC_PREFIX_HEADER = "samples/sample01/sample01-Prefix.pch";
				PRODUCT_NAME = "$(TARGET_NAME)";
			};
			name = Release;
		};
/* End XCBuildConfiguration section */

/* Begin XCConfigurationList section */
		2027B742192E9F2C00FB9FB2 /* Build configuration list for PBXNativeTarget "sample03" */ = {
			isa = XCConfigurationList;
			buildConfigurations = (
				2027B743192E9F2C00FB9FB2 /* Debug */,
				2027B744192E9F2C00FB9FB2 /* Release */,
			);
			defaultConfigurationIsVisible = 0;
			defaultConfigurationName = Release;
		};
		203359B51544021800A94822 /* Build configuration list for PBXProject "brayatan" */ = {
			isa = XCConfigurationList;
			buildConfigurations = (
				203359C81544021800A94822 /* Debug */,
				203359C91544021800A94822 /* Release */,
			);
			defaultConfigurationIsVisible = 0;
			defaultConfigurationName = Release;
		};
		20AF0D9915624641005AF576 /* Build configuration list for PBXNativeTarget "sample02" */ = {
			isa = XCConfigurationList;
			buildConfigurations = (
				20AF0D9A15624641005AF576 /* Debug */,
				20AF0D9B15624641005AF576 /* Release */,
			);
			defaultConfigurationIsVisible = 0;
			defaultConfigurationName = Release;
		};
		20D822821544E56A00024240 /* Build configuration list for PBXNativeTarget "sample01" */ = {
			isa = XCConfigurationList;
			buildConfigurations = (
				20D822831544E56A00024240 /* Debug */,
				20D822841544E56A00024240 /* Release */,
			);
			defaultConfigurationIsVisible = 0;
			defaultConfigurationName = Release;
		};
/* End XCConfigurationList section */
	};
	rootObject = 203359B21544021800A94822 /* Project object */;
}
